{"schema":"etellis.u.lock/2","packages":[{"name":"etellis.u","version":"0.2.0","language":"etellis.u/0.1","members":{"U.toml":"c18f0ee00cd24b764c52a259238fb08270320c94c3c038487c090c70722cfce6","cdc/analysis.u":"0e8ee0d4922a9cfef713709bc35dfa5e1c4db2c7adb18c62128bcce84f4a0b1a","cdc/primitives.u":"305ea6929eb5ede9d7a4ca40e83556b6220c08a92ee3b418f374b0d44020a86d","cdc/source.u":"e1552880bab43509228d1446b2b85ee2f93f40fe84ad7a5ad7034fc6982d86c4","compiler/compiler.u":"3231dccc3c2c597c3205edca7000890c9d5ccf94424dbcba84c0faa996c516b8","compiler/format.u":"fb7dfda17e8561410eb5ceeb45ed757a5dcd241e8b4bd8e57b0dadac8efff884","compiler/graph.u":"8c6732051be28dce9dc010c7a67d89150584db1526b9a6ea17657c36baa8aec9","compiler/wasm.u":"b7683acf46cd36f9906b7049c865396f69089f7991abbcb890e8be22c76378e7","examples/original/01_hello.u":"c169cabc760146f1c8e3940f0ef25c81c5de233dd890d38f2c905436e3435726","examples/original/02_arithmetic.u":"bf91808acf888b28772fc06db11b6bd2558b6a44b7b3737cb054e9ea02bf59a4","examples/original/03_fibonacci.u":"8de1ee792ad635ef5a8b05af5e84245e0a237e043e4191110d1d2ab5f456e193","examples/original/04_map_filter_reduce.u":"9c91bc098e1e36671eb7acd6e3d00dded8a29548917292dac2f936355cc408b9","examples/original/05_ownership.u":"b7ef338533d60d30d707fa8699b848b081d46b2be8cc267d97f2c358bd686118","examples/original/06_async.u":"becde078d4f23a953270d9bc19a7ba1cdb978266f7b38978d271b4774211e7b0","examples/original/07_macro.u":"073a6a9e5b2c567f7e4e6bb6a648e4670efbe53eaf003a3aaa50de9e26f21dcb","examples/original/08_logic.u":"c341bc431bc5a76a45e7182470f7ba9bf8c03c9c206975cb0c68ae1d5d08e833","examples/original/09_sql_join.u":"63458a5cf192b09f700d38bd73bf23fb7a7db5bd1499005963058c78665bc0b5","examples/original/10_arrays.u":"8464a8cf0b94b2672f4d02d1c3eb2b74aeaeeb6883a32cdc561e22495d5e293b","examples/original/11_bayes.u":"72fbd9102c01a3d52eab6870aa3e582b1e76c38c476ab5530b40954f22e91be6","examples/original/12_actors.u":"7578fe592f5f31dd5995f65634c9f894f75912797b3268b0f60141390d592851","examples/original/13_temporal.u":"a1c53b1e0ff6badfb4ac7fc95ef6113a34174d5f4491b432a3e085a7cd4b8c20","examples/original/14_proof.u":"9118052229bd720404a374346c74bdb1f351927c67a90e4ba92d1d16007d1caa","examples/original/15_hardware.u":"da9421c0ef6493cefab75e2a1f70762ad5220eced7a8ac8e3fc0cf60d5b979d7","examples/original/16_gpu.u":"1e769daf2565d3f6c38286859651121f057423b62996b96f2bd538ce86a47810","examples/original/17_quantum.u":"e040f98c4fdaedc898f5dc0f5b422b1bbc07271068d27e3027f2b92eb552eb1d","examples/original/18_cdc.u":"867ffef731ca5a5987b1be8c0b03c07cf3a968bc6ba96a602ab3a7a1b8c40ecf","examples/original/19_u1.u":"7457ba97680ccceba74d021d7f92895e62cdac8b93699d4da11e0fa7038fd413","examples/original/20_u2.u":"17ae1c13aa8c084ee81358db36fe86cfef3eb0ab19e3e88b961ca3a177162384","examples/original/21_acausal_dae.u":"113c7d6f74c7533529b0a14e4aaf9677b4b0cac88acd3eb376d491e35375c035","examples/original/22_native_universal_construction.u":"a9722a85eaf03c99e9fba845e5eade27357b5e5a696801b2183cc512682d9041","landing/model.u":"eb0d567300b8664adde40507b0fb68b92bc912ca3fcbf3ffd484c842febb5136","stdlib/core.u":"8d40d0ba2835aa18da0cb80c8ce0e4d6c8a316442bbb0048737aca0418076076","stdlib/dynamics.u":"faa353adfd5921ff204bc52dfe79603f19334087aa49c677ea115d2673dc71c5","stdlib/evidence.u":"7de434cd9b018c76f890a07f7e38aec391302bd834380692c26758fc9e60d7c7","stdlib/inspection.u":"7a544409366619f6f7590c075593ceb0935e9bbc9265e7ea94671fcd8d36afbc","stdlib/numeric.u":"16dfca4b25e3781697345a7bea8ae26ecf54977640b3bc7e51e9a630a2b9ea00","stdlib/probability.u":"257725efa9977d31e305e29132a5cc9ebca90f711dd9876bd00e53d061da2d1b","stdlib/processes.u":"fc7601d000e081952a664a2a6118d947cc713409d775d7b3983200ff0eeb5f0b","stdlib/proof.u":"4faa947dda073af45f2c74f8c8488d4042807cf45117920e5a758c941a0a4de2","stdlib/relational.u":"4a188c12ee89e4f7f2cf21498ee188267555b1587c5862d6eb81cef683ea2ed1","stdlib/syntax.u":"4c9bf02d72aefbcd3b67fd482c0fe3211d5e3ad95a228ccd66dfcd8cd062e690","tests/native_programs/cdc_analysis.u":"3f6dfc00da62732b1106aba6fb1fda16a89c820910fc53ee00356931f37b7ddb","tests/native_programs/cdc_analysis_example.u":"1bf5d52d4db023ee0a219516ae57443816e2ee94d96367d4b9da5fbcece7c6db","tests/native_programs/cdc_analysis_original20.u":"638af9981461d78a05a4ba125e39b6fc601458a3d8a2713f309c245ff8991b6a","tests/native_programs/cdc_source.u":"d169715996b7c1291756658d712320e0a636a21c6f30948aae2cc287ec0c8644","tests/native_programs/dynamics.u":"6c7da3db66b2890bf5b9cf157beed42d9cc7661c1d6e05b4f7c093d570ffab42","tests/native_programs/dynamics_fail_closed.u":"e2c93441472c20953d093f112c7a35cb64d67c4f569b078234baded1e6e53048","tests/native_programs/evidence.u":"7a31ee869fbe4ac0f66f56af96559951b8b3dfb5e3a611535317eaa4f92d7fff","tests/native_programs/format.u":"40c0f53f50831eb89f7a3cacbaf78dc7b8c2aede86ec0254ce6caceca3bd5db8","tests/native_programs/format_driver.u":"5426efbeeea8a30c22a3a8b8335927d485e0ea9fddd705b401a26b19c328576a","tests/native_programs/format_files.u":"51152f0a52b4e2f52e3b27a4c8b9bc130513af0ca6ccf97dae5714907d784d3b","tests/native_programs/format_graph.u":"9e7855b454b8705a8fddc6db0a98d2127b814813efb648a8957a7450da3b620e","tests/native_programs/graph_fixture.u":"e2d5e4d7db59ebce026b84bc8ed8100e1ba33d84a93501ecb6950759eaa8946b","tests/native_programs/graph_globals.u":"500d3b24d1abbc115fa7acc9f8b19ed30a3ebcd56fe2d5d8504bc0674d3d0d9a","tests/native_programs/graph_roundtrip.u":"e20ac373e7d3f6f489ca8f1d0775991613d4a505aa9964ac67f70a7292ed32e9","tests/native_programs/package_tests.u":"0475683f353e6bcf3be462d6f0cf331ed9a718bf3b4c7314311313e2167a1e44","tests/native_programs/probability.u":"fe1ce77f8fa76f98627b6f8c96f0c5dde9730e65f9cda03776bce9cf0d357611","tests/native_programs/probability_full.u":"3474e039e069fbbb6a071af30742569fd2dd48561cf254575e9c391154b2c01e","tests/native_programs/processes.u":"83115b9db9ac77a46d9c1eda7787f0db57e4913771e90d07fa803670a47c224b","tests/native_programs/processes_fail_closed.u":"de0a0ec45673b1a0cc55c0d27419fedcbfee95d283f14fdb6582cc0e010806c9","tests/native_programs/processes_http.u":"3ae80548d3efeceb68bdfdc8ca18b221913b8131ee4451f9a8e9ba9bbf7aed30","tests/native_programs/processes_workers.u":"29f4f64e5140517b1ebced62ab652e4560d63aaac4750552333ebd4cc0ca3aa9","tests/native_programs/smoke.u":"98825e083939bec298f5f5bedb580f36fe554a997b1168d3ad38074e0afaabbc","tests/native_programs/wasm_admissibility.u":"c8eb998d2ed2aa065978fddf6b413555feafb1f6252f5ea415c3a9af476bed2d","tests/native_programs/wasm_arithmetic.u":"e1595ff65d7623ce4b9de044cfa42c86d4fee96a646d10d85d5aff3ba1dd798b","tests/native_programs/wasm_bad_profile.u":"a2e18a28dbaa94379a68b1ba5ebd7e6923c144dfa6192ce74e813498ca12c934","tests/native_programs/wasm_bounds.u":"d3b3779e7572d92c5df31408df03664787f7683fb0e97fc050293664c803ea67","tests/native_programs/wasm_driver.u":"dbffbc547a15858832e34e24472c0228fc89665fb52388cc8dfa4cdabe0c44e9","tests/native_programs/wasm_shadowed.u":"493c629121c28316a6204d1cbcd6e21a6a92ffa8b0bb23ff668820e60ed1caf0","tools/audit.u":"3ffc9b254a101697da860575d15a185ba86274fc68cce7a32b09556ca3e41954","tools/cdc.u":"adcd2e30b6b543fb5386792abc17ce0b66d3a3df8d63229d7b7be8b87c990365","tools/driver.u":"dc3a754c66fac230e66da9e863c6576c05bbce7fcec6d2b9a4c775f979ff38e3","tools/link.u":"4b395b6a6b56c67e68531eb27357bf35c90fd0a6f27e71a00d0fbbcc4cb734a3","tools/lsp.u":"0ed031713e817c5a827b8b978dddb1a7783c534b75968ed5ae646462f6dfbde5","tools/package.u":"a509af794d98227f80a48ff6252a291d454d7af28554f91ff53418b91372f596"},"policy":{"members":".u files and U.toml","excludes":["dot-prefixed entries","build","dist","work","provenance"],"symlinks":"rejected in source traversal and path components","scripts":"never-executed","permissions":"never-granted-by-install"},"identity":"sha256:d34bb0358d626c423e81bba317b7e2dc266279fc1c89843eae27bccb33919338"}],"identity":"sha256:3aa55a30f4a6c0461cccb22a18e100c79fa399341298311f5c9f3e598f3e9b89"}
